
Microsoft Visual Studio Solution File, Format Version 12.00
# Visual Studio 2013
VisualStudioVersion = 12.0.30626.0
MinimumVisualStudioVersion = 10.0.40219.1
Project("{2150E333-8FDC-42A3-9474-1A3956D46DE8}") = "codeShow.JS", "codeShow.JS", "{2174C796-8304-4B56-AB70-202930CFB511}"
EndProject
Project("{2150E333-8FDC-42A3-9474-1A3956D46DE8}") = "Solution Items", "Solution Items", "{3CF6EA85-DB58-401C-846C-B3501BB38ABC}"
EndProject
Project("{2150E333-8FDC-42A3-9474-1A3956D46DE8}") = "CodeShow.CS", "CodeShow.CS", "{FD54CFCF-2367-46D8-8A41-3405FBA8D3C1}"
EndProject
Project("{D954291E-2A0B-460D-934E-DC6B0785DB48}") = "codeShow.JS.Shared", "codeShow.JS\codeShow.JS.Shared\codeShow.JS.Shared.shproj", "{C1939FB8-A630-423A-9512-A18E5AF452DB}"
EndProject
Project("{262852C6-CD72-467D-83FE-5EEB1973A190}") = "codeShow.JS.Windows", "codeShow.JS\codeShow.JS.Windows\codeShow.JS.Windows.jsproj", "{DE14D4EC-AC3B-4556-A7CA-3D7A718F8832}"
EndProject
Project("{262852C6-CD72-467D-83FE-5EEB1973A190}") = "codeShow.JS.WindowsPhone", "codeShow.JS\codeShow.JS.WindowsPhone\codeShow.JS.WindowsPhone.jsproj", "{FD19AC46-C0D1-4D83-8BE7-989AA3496E49}"
EndProject
Project("{FAE04EC0-301F-11D3-BF4B-00C04F79EFBC}") = "BackgroundTaskDemo", "CodeShow.CS\BackgroundTaskDemo\BackgroundTaskDemo.csproj", "{6DBEC587-8726-49C9-A87B-81AB080B22EB}"
EndProject
Project("{D954291E-2A0B-460D-934E-DC6B0785DB48}") = "CodeShow.CS.Shared", "CodeShow.CS\CodeShow.CS.Shared\CodeShow.CS.Shared.shproj", "{BB5E1A55-EBC6-468B-96E3-EA5CFE7D5FDF}"
EndProject
Project("{FAE04EC0-301F-11D3-BF4B-00C04F79EFBC}") = "CodeShow.CS.Windows", "CodeShow.CS\CodeShow.CS.Windows\CodeShow.CS.Windows.csproj", "{FE87F379-CA46-4184-B4E3-A3676F2A2BB0}"
EndProject
Project("{FAE04EC0-301F-11D3-BF4B-00C04F79EFBC}") = "CodeShow.CS.WindowsPhone", "CodeShow.CS\CodeShow.CS.WindowsPhone\CodeShow.CS.WindowsPhone.csproj", "{4AF57A2D-5795-458B-86BB-09C1B9EE96DE}"
EndProject
Project("{2150E333-8FDC-42A3-9474-1A3956D46DE8}") = "Scratch", "Scratch", "{5EA74BF8-3519-49D1-88C6-C5959FD10AF3}"
EndProject
Project("{D954291E-2A0B-460D-934E-DC6B0785DB48}") = "Scratch.Shared", "Scratch\Scratch.Shared\Scratch.Shared.shproj", "{C7FDEB32-D509-44FB-B7D9-F4DCE97BEEB7}"
EndProject
Project("{262852C6-CD72-467D-83FE-5EEB1973A190}") = "Scratch.Windows", "Scratch\Scratch.Windows\Scratch.Windows.jsproj", "{38667036-D013-4193-9000-C44198E325B9}"
EndProject
Project("{262852C6-CD72-467D-83FE-5EEB1973A190}") = "Scratch.WindowsPhone", "Scratch\Scratch.WindowsPhone\Scratch.WindowsPhone.jsproj", "{4D1D947E-711E-40A1-BE4C-71EACD39AB83}"
EndProject
Project("{2150E333-8FDC-42A3-9474-1A3956D46DE8}") = "ReferenceProject", "ReferenceProject", "{82CA5D96-6BEF-4D39-BC07-6718F78130E8}"
EndProject
Project("{D954291E-2A0B-460D-934E-DC6B0785DB48}") = "HubPivotSharedApp1.Shared", "HubPivotSharedApp1\HubPivotSharedApp1.Shared\HubPivotSharedApp1.Shared.shproj", "{F87E8BC1-9C90-4634-AC52-4A9A9A438564}"
EndProject
Project("{262852C6-CD72-467D-83FE-5EEB1973A190}") = "HubPivotSharedApp1.Windows", "HubPivotSharedApp1\HubPivotSharedApp1.Windows\HubPivotSharedApp1.Windows.jsproj", "{A4B0B4B3-61ED-4975-B683-C2EB3EAC2A8D}"
EndProject
Project("{262852C6-CD72-467D-83FE-5EEB1973A190}") = "HubPivotSharedApp1.WindowsPhone", "HubPivotSharedApp1\HubPivotSharedApp1.WindowsPhone\HubPivotSharedApp1.WindowsPhone.jsproj", "{30EE6C6D-95A2-4928-9A5F-EE7DBE57F0BC}"
EndProject
Global
	GlobalSection(SharedMSBuildProjectFiles) = preSolution
		CodeShow.CS\CodeShow.CS.Shared\CodeShow.CS.Shared.projitems*{fe87f379-ca46-4184-b4e3-a3676f2a2bb0}*SharedItemsImports = 4
		codeShow.JS\codeShow.JS.Shared\codeShow.JS.Shared.projitems*{fd19ac46-c0d1-4d83-8be7-989aa3496e49}*SharedItemsImports = 5
		CodeShow.CS\CodeShow.CS.Shared\CodeShow.CS.Shared.projitems*{bb5e1a55-ebc6-468b-96e3-ea5cfe7d5fdf}*SharedItemsImports = 13
		codeShow.JS\codeShow.JS.Shared\codeShow.JS.Shared.projitems*{c1939fb8-a630-423a-9512-a18e5af452db}*SharedItemsImports = 13
		Scratch\Scratch.Shared\Scratch.Shared.projitems*{c7fdeb32-d509-44fb-b7d9-f4dce97beeb7}*SharedItemsImports = 13
		HubPivotSharedApp1\HubPivotSharedApp1.Shared\HubPivotSharedApp1.Shared.projitems*{a4b0b4b3-61ed-4975-b683-c2eb3eac2a8d}*SharedItemsImports = 5
		CodeShow.CS\CodeShow.CS.Shared\CodeShow.CS.Shared.projitems*{4af57a2d-5795-458b-86bb-09c1b9ee96de}*SharedItemsImports = 4
		Scratch\Scratch.Shared\Scratch.Shared.projitems*{38667036-d013-4193-9000-c44198e325b9}*SharedItemsImports = 5
		HubPivotSharedApp1\HubPivotSharedApp1.Shared\HubPivotSharedApp1.Shared.projitems*{f87e8bc1-9c90-4634-ac52-4a9a9a438564}*SharedItemsImports = 13
		HubPivotSharedApp1\HubPivotSharedApp1.Shared\HubPivotSharedApp1.Shared.projitems*{30ee6c6d-95a2-4928-9a5f-ee7dbe57f0bc}*SharedItemsImports = 5
		Scratch\Scratch.Shared\Scratch.Shared.projitems*{4d1d947e-711e-40a1-be4c-71eacd39ab83}*SharedItemsImports = 5
		codeShow.JS\codeShow.JS.Shared\codeShow.JS.Shared.projitems*{de14d4ec-ac3b-4556-a7ca-3d7a718f8832}*SharedItemsImports = 5
	EndGlobalSection
	GlobalSection(SolutionConfigurationPlatforms) = preSolution
		Debug|Any CPU = Debug|Any CPU
		Debug|ARM = Debug|ARM
		Debug|Mixed Platforms = Debug|Mixed Platforms
		Debug|Win32 = Debug|Win32
		Debug|x64 = Debug|x64
		Debug|x86 = Debug|x86
		Release|Any CPU = Release|Any CPU
		Release|ARM = Release|ARM
		Release|Mixed Platforms = Release|Mixed Platforms
		Release|Win32 = Release|Win32
		Release|x64 = Release|x64
		Release|x86 = Release|x86
	EndGlobalSection
	GlobalSection(ProjectConfigurationPlatforms) = postSolution
		{DE14D4EC-AC3B-4556-A7CA-3D7A718F8832}.Debug|Any CPU.ActiveCfg = Debug|Any CPU
		{DE14D4EC-AC3B-4556-A7CA-3D7A718F8832}.Debug|Any CPU.Build.0 = Debug|Any CPU
		{DE14D4EC-AC3B-4556-A7CA-3D7A718F8832}.Debug|Any CPU.Deploy.0 = Debug|Any CPU
		{DE14D4EC-AC3B-4556-A7CA-3D7A718F8832}.Debug|ARM.ActiveCfg = Debug|ARM
		{DE14D4EC-AC3B-4556-A7CA-3D7A718F8832}.Debug|ARM.Build.0 = Debug|ARM
		{DE14D4EC-AC3B-4556-A7CA-3D7A718F8832}.Debug|ARM.Deploy.0 = Debug|ARM
		{DE14D4EC-AC3B-4556-A7CA-3D7A718F8832}.Debug|Mixed Platforms.ActiveCfg = Debug|x86
		{DE14D4EC-AC3B-4556-A7CA-3D7A718F8832}.Debug|Mixed Platforms.Build.0 = Debug|x86
		{DE14D4EC-AC3B-4556-A7CA-3D7A718F8832}.Debug|Mixed Platforms.Deploy.0 = Debug|x86
		{DE14D4EC-AC3B-4556-A7CA-3D7A718F8832}.Debug|Win32.ActiveCfg = Debug|x86
		{DE14D4EC-AC3B-4556-A7CA-3D7A718F8832}.Debug|Win32.Build.0 = Debug|x86
		{DE14D4EC-AC3B-4556-A7CA-3D7A718F8832}.Debug|Win32.Deploy.0 = Debug|x86
		{DE14D4EC-AC3B-4556-A7CA-3D7A718F8832}.Debug|x64.ActiveCfg = Debug|x64
		{DE14D4EC-AC3B-4556-A7CA-3D7A718F8832}.Debug|x64.Build.0 = Debug|x64
		{DE14D4EC-AC3B-4556-A7CA-3D7A718F8832}.Debug|x64.Deploy.0 = Debug|x64
		{DE14D4EC-AC3B-4556-A7CA-3D7A718F8832}.Debug|x86.ActiveCfg = Debug|x86
		{DE14D4EC-AC3B-4556-A7CA-3D7A718F8832}.Debug|x86.Build.0 = Debug|x86
		{DE14D4EC-AC3B-4556-A7CA-3D7A718F8832}.Debug|x86.Deploy.0 = Debug|x86
		{DE14D4EC-AC3B-4556-A7CA-3D7A718F8832}.Release|Any CPU.ActiveCfg = Release|Any CPU
		{DE14D4EC-AC3B-4556-A7CA-3D7A718F8832}.Release|Any CPU.Build.0 = Release|Any CPU
		{DE14D4EC-AC3B-4556-A7CA-3D7A718F8832}.Release|Any CPU.Deploy.0 = Release|Any CPU
		{DE14D4EC-AC3B-4556-A7CA-3D7A718F8832}.Release|ARM.ActiveCfg = Release|ARM
		{DE14D4EC-AC3B-4556-A7CA-3D7A718F8832}.Release|ARM.Build.0 = Release|ARM
		{DE14D4EC-AC3B-4556-A7CA-3D7A718F8832}.Release|ARM.Deploy.0 = Release|ARM
		{DE14D4EC-AC3B-4556-A7CA-3D7A718F8832}.Release|Mixed Platforms.ActiveCfg = Release|x86
		{DE14D4EC-AC3B-4556-A7CA-3D7A718F8832}.Release|Mixed Platforms.Build.0 = Release|x86
		{DE14D4EC-AC3B-4556-A7CA-3D7A718F8832}.Release|Mixed Platforms.Deploy.0 = Release|x86
		{DE14D4EC-AC3B-4556-A7CA-3D7A718F8832}.Release|Win32.ActiveCfg = Release|x86
		{DE14D4EC-AC3B-4556-A7CA-3D7A718F8832}.Release|Win32.Build.0 = Release|x86
		{DE14D4EC-AC3B-4556-A7CA-3D7A718F8832}.Release|Win32.Deploy.0 = Release|x86
		{DE14D4EC-AC3B-4556-A7CA-3D7A718F8832}.Release|x64.ActiveCfg = Release|x64
		{DE14D4EC-AC3B-4556-A7CA-3D7A718F8832}.Release|x64.Build.0 = Release|x64
		{DE14D4EC-AC3B-4556-A7CA-3D7A718F8832}.Release|x64.Deploy.0 = Release|x64
		{DE14D4EC-AC3B-4556-A7CA-3D7A718F8832}.Release|x86.ActiveCfg = Release|x86
		{DE14D4EC-AC3B-4556-A7CA-3D7A718F8832}.Release|x86.Build.0 = Release|x86
		{DE14D4EC-AC3B-4556-A7CA-3D7A718F8832}.Release|x86.Deploy.0 = Release|x86
		{FD19AC46-C0D1-4D83-8BE7-989AA3496E49}.Debug|Any CPU.ActiveCfg = Debug|Any CPU
		{FD19AC46-C0D1-4D83-8BE7-989AA3496E49}.Debug|Any CPU.Build.0 = Debug|Any CPU
		{FD19AC46-C0D1-4D83-8BE7-989AA3496E49}.Debug|Any CPU.Deploy.0 = Debug|Any CPU
		{FD19AC46-C0D1-4D83-8BE7-989AA3496E49}.Debug|ARM.ActiveCfg = Debug|ARM
		{FD19AC46-C0D1-4D83-8BE7-989AA3496E49}.Debug|ARM.Build.0 = Debug|ARM
		{FD19AC46-C0D1-4D83-8BE7-989AA3496E49}.Debug|ARM.Deploy.0 = Debug|ARM
		{FD19AC46-C0D1-4D83-8BE7-989AA3496E49}.Debug|Mixed Platforms.ActiveCfg = Debug|x86
		{FD19AC46-C0D1-4D83-8BE7-989AA3496E49}.Debug|Mixed Platforms.Build.0 = Debug|x86
		{FD19AC46-C0D1-4D83-8BE7-989AA3496E49}.Debug|Mixed Platforms.Deploy.0 = Debug|x86
		{FD19AC46-C0D1-4D83-8BE7-989AA3496E49}.Debug|Win32.ActiveCfg = Debug|x86
		{FD19AC46-C0D1-4D83-8BE7-989AA3496E49}.Debug|Win32.Build.0 = Debug|x86
		{FD19AC46-C0D1-4D83-8BE7-989AA3496E49}.Debug|Win32.Deploy.0 = Debug|x86
		{FD19AC46-C0D1-4D83-8BE7-989AA3496E49}.Debug|x64.ActiveCfg = Debug|Any CPU
		{FD19AC46-C0D1-4D83-8BE7-989AA3496E49}.Debug|x86.ActiveCfg = Debug|x86
		{FD19AC46-C0D1-4D83-8BE7-989AA3496E49}.Debug|x86.Build.0 = Debug|x86
		{FD19AC46-C0D1-4D83-8BE7-989AA3496E49}.Debug|x86.Deploy.0 = Debug|x86
		{FD19AC46-C0D1-4D83-8BE7-989AA3496E49}.Release|Any CPU.ActiveCfg = Release|Any CPU
		{FD19AC46-C0D1-4D83-8BE7-989AA3496E49}.Release|Any CPU.Build.0 = Release|Any CPU
		{FD19AC46-C0D1-4D83-8BE7-989AA3496E49}.Release|Any CPU.Deploy.0 = Release|Any CPU
		{FD19AC46-C0D1-4D83-8BE7-989AA3496E49}.Release|ARM.ActiveCfg = Release|ARM
		{FD19AC46-C0D1-4D83-8BE7-989AA3496E49}.Release|ARM.Build.0 = Release|ARM
		{FD19AC46-C0D1-4D83-8BE7-989AA3496E49}.Release|ARM.Deploy.0 = Release|ARM
		{FD19AC46-C0D1-4D83-8BE7-989AA3496E49}.Release|Mixed Platforms.ActiveCfg = Release|x86
		{FD19AC46-C0D1-4D83-8BE7-989AA3496E49}.Release|Mixed Platforms.Build.0 = Release|x86
		{FD19AC46-C0D1-4D83-8BE7-989AA3496E49}.Release|Mixed Platforms.Deploy.0 = Release|x86
		{FD19AC46-C0D1-4D83-8BE7-989AA3496E49}.Release|Win32.ActiveCfg = Release|x86
		{FD19AC46-C0D1-4D83-8BE7-989AA3496E49}.Release|Win32.Build.0 = Release|x86
		{FD19AC46-C0D1-4D83-8BE7-989AA3496E49}.Release|Win32.Deploy.0 = Release|x86
		{FD19AC46-C0D1-4D83-8BE7-989AA3496E49}.Release|x64.ActiveCfg = Release|Any CPU
		{FD19AC46-C0D1-4D83-8BE7-989AA3496E49}.Release|x86.ActiveCfg = Release|x86
		{FD19AC46-C0D1-4D83-8BE7-989AA3496E49}.Release|x86.Build.0 = Release|x86
		{FD19AC46-C0D1-4D83-8BE7-989AA3496E49}.Release|x86.Deploy.0 = Release|x86
		{6DBEC587-8726-49C9-A87B-81AB080B22EB}.Debug|Any CPU.ActiveCfg = Debug|Any CPU
		{6DBEC587-8726-49C9-A87B-81AB080B22EB}.Debug|Any CPU.Build.0 = Debug|Any CPU
		{6DBEC587-8726-49C9-A87B-81AB080B22EB}.Debug|ARM.ActiveCfg = Debug|Any CPU
		{6DBEC587-8726-49C9-A87B-81AB080B22EB}.Debug|Mixed Platforms.ActiveCfg = Debug|Any CPU
		{6DBEC587-8726-49C9-A87B-81AB080B22EB}.Debug|Mixed Platforms.Build.0 = Debug|Any CPU
		{6DBEC587-8726-49C9-A87B-81AB080B22EB}.Debug|Win32.ActiveCfg = Debug|Any CPU
		{6DBEC587-8726-49C9-A87B-81AB080B22EB}.Debug|x64.ActiveCfg = Debug|Any CPU
		{6DBEC587-8726-49C9-A87B-81AB080B22EB}.Debug|x86.ActiveCfg = Debug|Any CPU
		{6DBEC587-8726-49C9-A87B-81AB080B22EB}.Release|Any CPU.ActiveCfg = Release|Any CPU
		{6DBEC587-8726-49C9-A87B-81AB080B22EB}.Release|Any CPU.Build.0 = Release|Any CPU
		{6DBEC587-8726-49C9-A87B-81AB080B22EB}.Release|ARM.ActiveCfg = Release|Any CPU
		{6DBEC587-8726-49C9-A87B-81AB080B22EB}.Release|Mixed Platforms.ActiveCfg = Release|Any CPU
		{6DBEC587-8726-49C9-A87B-81AB080B22EB}.Release|Mixed Platforms.Build.0 = Release|Any CPU
		{6DBEC587-8726-49C9-A87B-81AB080B22EB}.Release|Win32.ActiveCfg = Release|Any CPU
		{6DBEC587-8726-49C9-A87B-81AB080B22EB}.Release|x64.ActiveCfg = Release|Any CPU
		{6DBEC587-8726-49C9-A87B-81AB080B22EB}.Release|x86.ActiveCfg = Release|Any CPU
		{FE87F379-CA46-4184-B4E3-A3676F2A2BB0}.Debug|Any CPU.ActiveCfg = Debug|Any CPU
		{FE87F379-CA46-4184-B4E3-A3676F2A2BB0}.Debug|Any CPU.Build.0 = Debug|Any CPU
		{FE87F379-CA46-4184-B4E3-A3676F2A2BB0}.Debug|Any CPU.Deploy.0 = Debug|Any CPU
		{FE87F379-CA46-4184-B4E3-A3676F2A2BB0}.Debug|ARM.ActiveCfg = Debug|ARM
		{FE87F379-CA46-4184-B4E3-A3676F2A2BB0}.Debug|ARM.Build.0 = Debug|ARM
		{FE87F379-CA46-4184-B4E3-A3676F2A2BB0}.Debug|ARM.Deploy.0 = Debug|ARM
		{FE87F379-CA46-4184-B4E3-A3676F2A2BB0}.Debug|Mixed Platforms.ActiveCfg = Debug|x86
		{FE87F379-CA46-4184-B4E3-A3676F2A2BB0}.Debug|Mixed Platforms.Build.0 = Debug|x86
		{FE87F379-CA46-4184-B4E3-A3676F2A2BB0}.Debug|Mixed Platforms.Deploy.0 = Debug|x86
		{FE87F379-CA46-4184-B4E3-A3676F2A2BB0}.Debug|Win32.ActiveCfg = Debug|x86
		{FE87F379-CA46-4184-B4E3-A3676F2A2BB0}.Debug|Win32.Build.0 = Debug|x86
		{FE87F379-CA46-4184-B4E3-A3676F2A2BB0}.Debug|Win32.Deploy.0 = Debug|x86
		{FE87F379-CA46-4184-B4E3-A3676F2A2BB0}.Debug|x64.ActiveCfg = Debug|x64
		{FE87F379-CA46-4184-B4E3-A3676F2A2BB0}.Debug|x64.Build.0 = Debug|x64
		{FE87F379-CA46-4184-B4E3-A3676F2A2BB0}.Debug|x64.Deploy.0 = Debug|x64
		{FE87F379-CA46-4184-B4E3-A3676F2A2BB0}.Debug|x86.ActiveCfg = Debug|x86
		{FE87F379-CA46-4184-B4E3-A3676F2A2BB0}.Debug|x86.Build.0 = Debug|x86
		{FE87F379-CA46-4184-B4E3-A3676F2A2BB0}.Debug|x86.Deploy.0 = Debug|x86
		{FE87F379-CA46-4184-B4E3-A3676F2A2BB0}.Release|Any CPU.ActiveCfg = Release|Any CPU
		{FE87F379-CA46-4184-B4E3-A3676F2A2BB0}.Release|Any CPU.Build.0 = Release|Any CPU
		{FE87F379-CA46-4184-B4E3-A3676F2A2BB0}.Release|Any CPU.Deploy.0 = Release|Any CPU
		{FE87F379-CA46-4184-B4E3-A3676F2A2BB0}.Release|ARM.ActiveCfg = Release|ARM
		{FE87F379-CA46-4184-B4E3-A3676F2A2BB0}.Release|ARM.Build.0 = Release|ARM
		{FE87F379-CA46-4184-B4E3-A3676F2A2BB0}.Release|ARM.Deploy.0 = Release|ARM
		{FE87F379-CA46-4184-B4E3-A3676F2A2BB0}.Release|Mixed Platforms.ActiveCfg = Release|x86
		{FE87F379-CA46-4184-B4E3-A3676F2A2BB0}.Release|Mixed Platforms.Build.0 = Release|x86
		{FE87F379-CA46-4184-B4E3-A3676F2A2BB0}.Release|Mixed Platforms.Deploy.0 = Release|x86
		{FE87F379-CA46-4184-B4E3-A3676F2A2BB0}.Release|Win32.ActiveCfg = Release|x86
		{FE87F379-CA46-4184-B4E3-A3676F2A2BB0}.Release|Win32.Build.0 = Release|x86
		{FE87F379-CA46-4184-B4E3-A3676F2A2BB0}.Release|Win32.Deploy.0 = Release|x86
		{FE87F379-CA46-4184-B4E3-A3676F2A2BB0}.Release|x64.ActiveCfg = Release|x64
		{FE87F379-CA46-4184-B4E3-A3676F2A2BB0}.Release|x64.Build.0 = Release|x64
		{FE87F379-CA46-4184-B4E3-A3676F2A2BB0}.Release|x64.Deploy.0 = Release|x64
		{FE87F379-CA46-4184-B4E3-A3676F2A2BB0}.Release|x86.ActiveCfg = Release|x86
		{FE87F379-CA46-4184-B4E3-A3676F2A2BB0}.Release|x86.Build.0 = Release|x86
		{FE87F379-CA46-4184-B4E3-A3676F2A2BB0}.Release|x86.Deploy.0 = Release|x86
		{4AF57A2D-5795-458B-86BB-09C1B9EE96DE}.Debug|Any CPU.ActiveCfg = Debug|Any CPU
		{4AF57A2D-5795-458B-86BB-09C1B9EE96DE}.Debug|Any CPU.Build.0 = Debug|Any CPU
		{4AF57A2D-5795-458B-86BB-09C1B9EE96DE}.Debug|Any CPU.Deploy.0 = Debug|Any CPU
		{4AF57A2D-5795-458B-86BB-09C1B9EE96DE}.Debug|ARM.ActiveCfg = Debug|ARM
		{4AF57A2D-5795-458B-86BB-09C1B9EE96DE}.Debug|ARM.Build.0 = Debug|ARM
		{4AF57A2D-5795-458B-86BB-09C1B9EE96DE}.Debug|ARM.Deploy.0 = Debug|ARM
		{4AF57A2D-5795-458B-86BB-09C1B9EE96DE}.Debug|Mixed Platforms.ActiveCfg = Debug|x86
		{4AF57A2D-5795-458B-86BB-09C1B9EE96DE}.Debug|Mixed Platforms.Build.0 = Debug|x86
		{4AF57A2D-5795-458B-86BB-09C1B9EE96DE}.Debug|Mixed Platforms.Deploy.0 = Debug|x86
		{4AF57A2D-5795-458B-86BB-09C1B9EE96DE}.Debug|Win32.ActiveCfg = Debug|x86
		{4AF57A2D-5795-458B-86BB-09C1B9EE96DE}.Debug|Win32.Build.0 = Debug|x86
		{4AF57A2D-5795-458B-86BB-09C1B9EE96DE}.Debug|Win32.Deploy.0 = Debug|x86
		{4AF57A2D-5795-458B-86BB-09C1B9EE96DE}.Debug|x64.ActiveCfg = Debug|Any CPU
		{4AF57A2D-5795-458B-86BB-09C1B9EE96DE}.Debug|x86.ActiveCfg = Debug|x86
		{4AF57A2D-5795-458B-86BB-09C1B9EE96DE}.Debug|x86.Build.0 = Debug|x86
		{4AF57A2D-5795-458B-86BB-09C1B9EE96DE}.Debug|x86.Deploy.0 = Debug|x86
		{4AF57A2D-5795-458B-86BB-09C1B9EE96DE}.Release|Any CPU.ActiveCfg = Release|Any CPU
		{4AF57A2D-5795-458B-86BB-09C1B9EE96DE}.Release|Any CPU.Build.0 = Release|Any CPU
		{4AF57A2D-5795-458B-86BB-09C1B9EE96DE}.Release|Any CPU.Deploy.0 = Release|Any CPU
		{4AF57A2D-5795-458B-86BB-09C1B9EE96DE}.Release|ARM.ActiveCfg = Release|ARM
		{4AF57A2D-5795-458B-86BB-09C1B9EE96DE}.Release|ARM.Build.0 = Release|ARM
		{4AF57A2D-5795-458B-86BB-09C1B9EE96DE}.Release|ARM.Deploy.0 = Release|ARM
		{4AF57A2D-5795-458B-86BB-09C1B9EE96DE}.Release|Mixed Platforms.ActiveCfg = Release|x86
		{4AF57A2D-5795-458B-86BB-09C1B9EE96DE}.Release|Mixed Platforms.Build.0 = Release|x86
		{4AF57A2D-5795-458B-86BB-09C1B9EE96DE}.Release|Mixed Platforms.Deploy.0 = Release|x86
		{4AF57A2D-5795-458B-86BB-09C1B9EE96DE}.Release|Win32.ActiveCfg = Release|x86
		{4AF57A2D-5795-458B-86BB-09C1B9EE96DE}.Release|Win32.Build.0 = Release|x86
		{4AF57A2D-5795-458B-86BB-09C1B9EE96DE}.Release|Win32.Deploy.0 = Release|x86
		{4AF57A2D-5795-458B-86BB-09C1B9EE96DE}.Release|x64.ActiveCfg = Release|Any CPU
		{4AF57A2D-5795-458B-86BB-09C1B9EE96DE}.Release|x86.ActiveCfg = Release|x86
		{4AF57A2D-5795-458B-86BB-09C1B9EE96DE}.Release|x86.Build.0 = Release|x86
		{4AF57A2D-5795-458B-86BB-09C1B9EE96DE}.Release|x86.Deploy.0 = Release|x86
		{38667036-D013-4193-9000-C44198E325B9}.Debug|Any CPU.ActiveCfg = Debug|Any CPU
		{38667036-D013-4193-9000-C44198E325B9}.Debug|Any CPU.Build.0 = Debug|Any CPU
		{38667036-D013-4193-9000-C44198E325B9}.Debug|Any CPU.Deploy.0 = Debug|Any CPU
		{38667036-D013-4193-9000-C44198E325B9}.Debug|ARM.ActiveCfg = Debug|ARM
		{38667036-D013-4193-9000-C44198E325B9}.Debug|ARM.Build.0 = Debug|ARM
		{38667036-D013-4193-9000-C44198E325B9}.Debug|ARM.Deploy.0 = Debug|ARM
		{38667036-D013-4193-9000-C44198E325B9}.Debug|Mixed Platforms.ActiveCfg = Debug|x86
		{38667036-D013-4193-9000-C44198E325B9}.Debug|Mixed Platforms.Build.0 = Debug|x86
		{38667036-D013-4193-9000-C44198E325B9}.Debug|Mixed Platforms.Deploy.0 = Debug|x86
		{38667036-D013-4193-9000-C44198E325B9}.Debug|Win32.ActiveCfg = Debug|x86
		{38667036-D013-4193-9000-C44198E325B9}.Debug|Win32.Build.0 = Debug|x86
		{38667036-D013-4193-9000-C44198E325B9}.Debug|Win32.Deploy.0 = Debug|x86
		{38667036-D013-4193-9000-C44198E325B9}.Debug|x64.ActiveCfg = Debug|x64
		{38667036-D013-4193-9000-C44198E325B9}.Debug|x64.Build.0 = Debug|x64
		{38667036-D013-4193-9000-C44198E325B9}.Debug|x64.Deploy.0 = Debug|x64
		{38667036-D013-4193-9000-C44198E325B9}.Debug|x86.ActiveCfg = Debug|x86
		{38667036-D013-4193-9000-C44198E325B9}.Debug|x86.Build.0 = Debug|x86
		{38667036-D013-4193-9000-C44198E325B9}.Debug|x86.Deploy.0 = Debug|x86
		{38667036-D013-4193-9000-C44198E325B9}.Release|Any CPU.ActiveCfg = Release|Any CPU
		{38667036-D013-4193-9000-C44198E325B9}.Release|Any CPU.Build.0 = Release|Any CPU
		{38667036-D013-4193-9000-C44198E325B9}.Release|Any CPU.Deploy.0 = Release|Any CPU
		{38667036-D013-4193-9000-C44198E325B9}.Release|ARM.ActiveCfg = Release|ARM
		{38667036-D013-4193-9000-C44198E325B9}.Release|ARM.Build.0 = Release|ARM
		{38667036-D013-4193-9000-C44198E325B9}.Release|ARM.Deploy.0 = Release|ARM
		{38667036-D013-4193-9000-C44198E325B9}.Release|Mixed Platforms.ActiveCfg = Release|x86
		{38667036-D013-4193-9000-C44198E325B9}.Release|Mixed Platforms.Build.0 = Release|x86
		{38667036-D013-4193-9000-C44198E325B9}.Release|Mixed Platforms.Deploy.0 = Release|x86
		{38667036-D013-4193-9000-C44198E325B9}.Release|Win32.ActiveCfg = Release|x86
		{38667036-D013-4193-9000-C44198E325B9}.Release|Win32.Build.0 = Release|x86
		{38667036-D013-4193-9000-C44198E325B9}.Release|Win32.Deploy.0 = Release|x86
		{38667036-D013-4193-9000-C44198E325B9}.Release|x64.ActiveCfg = Release|x64
		{38667036-D013-4193-9000-C44198E325B9}.Release|x64.Build.0 = Release|x64
		{38667036-D013-4193-9000-C44198E325B9}.Release|x64.Deploy.0 = Release|x64
		{38667036-D013-4193-9000-C44198E325B9}.Release|x86.ActiveCfg = Release|x86
		{38667036-D013-4193-9000-C44198E325B9}.Release|x86.Build.0 = Release|x86
		{38667036-D013-4193-9000-C44198E325B9}.Release|x86.Deploy.0 = Release|x86
		{4D1D947E-711E-40A1-BE4C-71EACD39AB83}.Debug|Any CPU.ActiveCfg = Debug|Any CPU
		{4D1D947E-711E-40A1-BE4C-71EACD39AB83}.Debug|Any CPU.Build.0 = Debug|Any CPU
		{4D1D947E-711E-40A1-BE4C-71EACD39AB83}.Debug|Any CPU.Deploy.0 = Debug|Any CPU
		{4D1D947E-711E-40A1-BE4C-71EACD39AB83}.Debug|ARM.ActiveCfg = Debug|ARM
		{4D1D947E-711E-40A1-BE4C-71EACD39AB83}.Debug|ARM.Build.0 = Debug|ARM
		{4D1D947E-711E-40A1-BE4C-71EACD39AB83}.Debug|ARM.Deploy.0 = Debug|ARM
		{4D1D947E-711E-40A1-BE4C-71EACD39AB83}.Debug|Mixed Platforms.ActiveCfg = Debug|x86
		{4D1D947E-711E-40A1-BE4C-71EACD39AB83}.Debug|Mixed Platforms.Build.0 = Debug|x86
		{4D1D947E-711E-40A1-BE4C-71EACD39AB83}.Debug|Mixed Platforms.Deploy.0 = Debug|x86
		{4D1D947E-711E-40A1-BE4C-71EACD39AB83}.Debug|Win32.ActiveCfg = Debug|x86
		{4D1D947E-711E-40A1-BE4C-71EACD39AB83}.Debug|Win32.Build.0 = Debug|x86
		{4D1D947E-711E-40A1-BE4C-71EACD39AB83}.Debug|Win32.Deploy.0 = Debug|x86
		{4D1D947E-711E-40A1-BE4C-71EACD39AB83}.Debug|x64.ActiveCfg = Debug|Any CPU
		{4D1D947E-711E-40A1-BE4C-71EACD39AB83}.Debug|x86.ActiveCfg = Debug|x86
		{4D1D947E-711E-40A1-BE4C-71EACD39AB83}.Debug|x86.Build.0 = Debug|x86
		{4D1D947E-711E-40A1-BE4C-71EACD39AB83}.Debug|x86.Deploy.0 = Debug|x86
		{4D1D947E-711E-40A1-BE4C-71EACD39AB83}.Release|Any CPU.ActiveCfg = Release|Any CPU
		{4D1D947E-711E-40A1-BE4C-71EACD39AB83}.Release|Any CPU.Build.0 = Release|Any CPU
		{4D1D947E-711E-40A1-BE4C-71EACD39AB83}.Release|Any CPU.Deploy.0 = Release|Any CPU
		{4D1D947E-711E-40A1-BE4C-71EACD39AB83}.Release|ARM.ActiveCfg = Release|ARM
		{4D1D947E-711E-40A1-BE4C-71EACD39AB83}.Release|ARM.Build.0 = Release|ARM
		{4D1D947E-711E-40A1-BE4C-71EACD39AB83}.Release|ARM.Deploy.0 = Release|ARM
		{4D1D947E-711E-40A1-BE4C-71EACD39AB83}.Release|Mixed Platforms.ActiveCfg = Release|x86
		{4D1D947E-711E-40A1-BE4C-71EACD39AB83}.Release|Mixed Platforms.Build.0 = Release|x86
		{4D1D947E-711E-40A1-BE4C-71EACD39AB83}.Release|Mixed Platforms.Deploy.0 = Release|x86
		{4D1D947E-711E-40A1-BE4C-71EACD39AB83}.Release|Win32.ActiveCfg = Release|x86
		{4D1D947E-711E-40A1-BE4C-71EACD39AB83}.Release|Win32.Build.0 = Release|x86
		{4D1D947E-711E-40A1-BE4C-71EACD39AB83}.Release|Win32.Deploy.0 = Release|x86
		{4D1D947E-711E-40A1-BE4C-71EACD39AB83}.Release|x64.ActiveCfg = Release|Any CPU
		{4D1D947E-711E-40A1-BE4C-71EACD39AB83}.Release|x86.ActiveCfg = Release|x86
		{4D1D947E-711E-40A1-BE4C-71EACD39AB83}.Release|x86.Build.0 = Release|x86
		{4D1D947E-711E-40A1-BE4C-71EACD39AB83}.Release|x86.Deploy.0 = Release|x86
		{A4B0B4B3-61ED-4975-B683-C2EB3EAC2A8D}.Debug|Any CPU.ActiveCfg = Debug|Any CPU
		{A4B0B4B3-61ED-4975-B683-C2EB3EAC2A8D}.Debug|Any CPU.Build.0 = Debug|Any CPU
		{A4B0B4B3-61ED-4975-B683-C2EB3EAC2A8D}.Debug|Any CPU.Deploy.0 = Debug|Any CPU
		{A4B0B4B3-61ED-4975-B683-C2EB3EAC2A8D}.Debug|ARM.ActiveCfg = Debug|ARM
		{A4B0B4B3-61ED-4975-B683-C2EB3EAC2A8D}.Debug|ARM.Build.0 = Debug|ARM
		{A4B0B4B3-61ED-4975-B683-C2EB3EAC2A8D}.Debug|ARM.Deploy.0 = Debug|ARM
		{A4B0B4B3-61ED-4975-B683-C2EB3EAC2A8D}.Debug|Mixed Platforms.ActiveCfg = Debug|x86
		{A4B0B4B3-61ED-4975-B683-C2EB3EAC2A8D}.Debug|Mixed Platforms.Build.0 = Debug|x86
		{A4B0B4B3-61ED-4975-B683-C2EB3EAC2A8D}.Debug|Mixed Platforms.Deploy.0 = Debug|x86
		{A4B0B4B3-61ED-4975-B683-C2EB3EAC2A8D}.Debug|Win32.ActiveCfg = Debug|x86
		{A4B0B4B3-61ED-4975-B683-C2EB3EAC2A8D}.Debug|Win32.Build.0 = Debug|x86
		{A4B0B4B3-61ED-4975-B683-C2EB3EAC2A8D}.Debug|Win32.Deploy.0 = Debug|x86
		{A4B0B4B3-61ED-4975-B683-C2EB3EAC2A8D}.Debug|x64.ActiveCfg = Debug|x64
		{A4B0B4B3-61ED-4975-B683-C2EB3EAC2A8D}.Debug|x64.Build.0 = Debug|x64
		{A4B0B4B3-61ED-4975-B683-C2EB3EAC2A8D}.Debug|x64.Deploy.0 = Debug|x64
		{A4B0B4B3-61ED-4975-B683-C2EB3EAC2A8D}.Debug|x86.ActiveCfg = Debug|x86
		{A4B0B4B3-61ED-4975-B683-C2EB3EAC2A8D}.Debug|x86.Build.0 = Debug|x86
		{A4B0B4B3-61ED-4975-B683-C2EB3EAC2A8D}.Debug|x86.Deploy.0 = Debug|x86
		{A4B0B4B3-61ED-4975-B683-C2EB3EAC2A8D}.Release|Any CPU.ActiveCfg = Release|Any CPU
		{A4B0B4B3-61ED-4975-B683-C2EB3EAC2A8D}.Release|Any CPU.Build.0 = Release|Any CPU
		{A4B0B4B3-61ED-4975-B683-C2EB3EAC2A8D}.Release|Any CPU.Deploy.0 = Release|Any CPU
		{A4B0B4B3-61ED-4975-B683-C2EB3EAC2A8D}.Release|ARM.ActiveCfg = Release|ARM
		{A4B0B4B3-61ED-4975-B683-C2EB3EAC2A8D}.Release|ARM.Build.0 = Release|ARM
		{A4B0B4B3-61ED-4975-B683-C2EB3EAC2A8D}.Release|ARM.Deploy.0 = Release|ARM
		{A4B0B4B3-61ED-4975-B683-C2EB3EAC2A8D}.Release|Mixed Platforms.ActiveCfg = Release|x86
		{A4B0B4B3-61ED-4975-B683-C2EB3EAC2A8D}.Release|Mixed Platforms.Build.0 = Release|x86
		{A4B0B4B3-61ED-4975-B683-C2EB3EAC2A8D}.Release|Mixed Platforms.Deploy.0 = Release|x86
		{A4B0B4B3-61ED-4975-B683-C2EB3EAC2A8D}.Release|Win32.ActiveCfg = Release|x86
		{A4B0B4B3-61ED-4975-B683-C2EB3EAC2A8D}.Release|Win32.Build.0 = Release|x86
		{A4B0B4B3-61ED-4975-B683-C2EB3EAC2A8D}.Release|Win32.Deploy.0 = Release|x86
		{A4B0B4B3-61ED-4975-B683-C2EB3EAC2A8D}.Release|x64.ActiveCfg = Release|x64
		{A4B0B4B3-61ED-4975-B683-C2EB3EAC2A8D}.Release|x64.Build.0 = Release|x64
		{A4B0B4B3-61ED-4975-B683-C2EB3EAC2A8D}.Release|x64.Deploy.0 = Release|x64
		{A4B0B4B3-61ED-4975-B683-C2EB3EAC2A8D}.Release|x86.ActiveCfg = Release|x86
		{A4B0B4B3-61ED-4975-B683-C2EB3EAC2A8D}.Release|x86.Build.0 = Release|x86
		{A4B0B4B3-61ED-4975-B683-C2EB3EAC2A8D}.Release|x86.Deploy.0 = Release|x86
		{30EE6C6D-95A2-4928-9A5F-EE7DBE57F0BC}.Debug|Any CPU.ActiveCfg = Debug|Any CPU
		{30EE6C6D-95A2-4928-9A5F-EE7DBE57F0BC}.Debug|Any CPU.Build.0 = Debug|Any CPU
		{30EE6C6D-95A2-4928-9A5F-EE7DBE57F0BC}.Debug|Any CPU.Deploy.0 = Debug|Any CPU
		{30EE6C6D-95A2-4928-9A5F-EE7DBE57F0BC}.Debug|ARM.ActiveCfg = Debug|ARM
		{30EE6C6D-95A2-4928-9A5F-EE7DBE57F0BC}.Debug|ARM.Build.0 = Debug|ARM
		{30EE6C6D-95A2-4928-9A5F-EE7DBE57F0BC}.Debug|ARM.Deploy.0 = Debug|ARM
		{30EE6C6D-95A2-4928-9A5F-EE7DBE57F0BC}.Debug|Mixed Platforms.ActiveCfg = Debug|x86
		{30EE6C6D-95A2-4928-9A5F-EE7DBE57F0BC}.Debug|Mixed Platforms.Build.0 = Debug|x86
		{30EE6C6D-95A2-4928-9A5F-EE7DBE57F0BC}.Debug|Mixed Platforms.Deploy.0 = Debug|x86
		{30EE6C6D-95A2-4928-9A5F-EE7DBE57F0BC}.Debug|Win32.ActiveCfg = Debug|x86
		{30EE6C6D-95A2-4928-9A5F-EE7DBE57F0BC}.Debug|Win32.Build.0 = Debug|x86
		{30EE6C6D-95A2-4928-9A5F-EE7DBE57F0BC}.Debug|Win32.Deploy.0 = Debug|x86
		{30EE6C6D-95A2-4928-9A5F-EE7DBE57F0BC}.Debug|x64.ActiveCfg = Debug|Any CPU
		{30EE6C6D-95A2-4928-9A5F-EE7DBE57F0BC}.Debug|x86.ActiveCfg = Debug|x86
		{30EE6C6D-95A2-4928-9A5F-EE7DBE57F0BC}.Debug|x86.Build.0 = Debug|x86
		{30EE6C6D-95A2-4928-9A5F-EE7DBE57F0BC}.Debug|x86.Deploy.0 = Debug|x86
		{30EE6C6D-95A2-4928-9A5F-EE7DBE57F0BC}.Release|Any CPU.ActiveCfg = Release|Any CPU
		{30EE6C6D-95A2-4928-9A5F-EE7DBE57F0BC}.Release|Any CPU.Build.0 = Release|Any CPU
		{30EE6C6D-95A2-4928-9A5F-EE7DBE57F0BC}.Release|Any CPU.Deploy.0 = Release|Any CPU
		{30EE6C6D-95A2-4928-9A5F-EE7DBE57F0BC}.Release|ARM.ActiveCfg = Release|ARM
		{30EE6C6D-95A2-4928-9A5F-EE7DBE57F0BC}.Release|ARM.Build.0 = Release|ARM
		{30EE6C6D-95A2-4928-9A5F-EE7DBE57F0BC}.Release|ARM.Deploy.0 = Release|ARM
		{30EE6C6D-95A2-4928-9A5F-EE7DBE57F0BC}.Release|Mixed Platforms.ActiveCfg = Release|x86
		{30EE6C6D-95A2-4928-9A5F-EE7DBE57F0BC}.Release|Mixed Platforms.Build.0 = Release|x86
		{30EE6C6D-95A2-4928-9A5F-EE7DBE57F0BC}.Release|Mixed Platforms.Deploy.0 = Release|x86
		{30EE6C6D-95A2-4928-9A5F-EE7DBE57F0BC}.Release|Win32.ActiveCfg = Release|x86
		{30EE6C6D-95A2-4928-9A5F-EE7DBE57F0BC}.Release|Win32.Build.0 = Release|x86
		{30EE6C6D-95A2-4928-9A5F-EE7DBE57F0BC}.Release|Win32.Deploy.0 = Release|x86
		{30EE6C6D-95A2-4928-9A5F-EE7DBE57F0BC}.Release|x64.ActiveCfg = Release|Any CPU
		{30EE6C6D-95A2-4928-9A5F-EE7DBE57F0BC}.Release|x86.ActiveCfg = Release|x86
		{30EE6C6D-95A2-4928-9A5F-EE7DBE57F0BC}.Release|x86.Build.0 = Release|x86
		{30EE6C6D-95A2-4928-9A5F-EE7DBE57F0BC}.Release|x86.Deploy.0 = Release|x86
	EndGlobalSection
	GlobalSection(SolutionProperties) = preSolution
		HideSolutionNode = FALSE
	EndGlobalSection
	GlobalSection(NestedProjects) = preSolution
		{C1939FB8-A630-423A-9512-A18E5AF452DB} = {2174C796-8304-4B56-AB70-202930CFB511}
		{DE14D4EC-AC3B-4556-A7CA-3D7A718F8832} = {2174C796-8304-4B56-AB70-202930CFB511}
		{FD19AC46-C0D1-4D83-8BE7-989AA3496E49} = {2174C796-8304-4B56-AB70-202930CFB511}
		{6DBEC587-8726-49C9-A87B-81AB080B22EB} = {FD54CFCF-2367-46D8-8A41-3405FBA8D3C1}
		{BB5E1A55-EBC6-468B-96E3-EA5CFE7D5FDF} = {FD54CFCF-2367-46D8-8A41-3405FBA8D3C1}
		{FE87F379-CA46-4184-B4E3-A3676F2A2BB0} = {FD54CFCF-2367-46D8-8A41-3405FBA8D3C1}
		{4AF57A2D-5795-458B-86BB-09C1B9EE96DE} = {FD54CFCF-2367-46D8-8A41-3405FBA8D3C1}
		{C7FDEB32-D509-44FB-B7D9-F4DCE97BEEB7} = {5EA74BF8-3519-49D1-88C6-C5959FD10AF3}
		{38667036-D013-4193-9000-C44198E325B9} = {5EA74BF8-3519-49D1-88C6-C5959FD10AF3}
		{4D1D947E-711E-40A1-BE4C-71EACD39AB83} = {5EA74BF8-3519-49D1-88C6-C5959FD10AF3}
		{F87E8BC1-9C90-4634-AC52-4A9A9A438564} = {82CA5D96-6BEF-4D39-BC07-6718F78130E8}
		{A4B0B4B3-61ED-4975-B683-C2EB3EAC2A8D} = {82CA5D96-6BEF-4D39-BC07-6718F78130E8}
		{30EE6C6D-95A2-4928-9A5F-EE7DBE57F0BC} = {82CA5D96-6BEF-4D39-BC07-6718F78130E8}
	EndGlobalSection
EndGlobal
